
Microsoft Visual Studio Solution File, Format Version 12.00
# Visual Studio Version 16
VisualStudioVersion = 16.0.30320.27
MinimumVisualStudioVersion = 10.0.40219.1
Project("{888888A0-9F3D-457C-B088-3A5042F75D52}") = "mediapipe_emotion_detection", "mediapipe_emotion_detection.pyproj", "{C82E5CFD-C9D8-406B-B92B-5C5C235B7E47}"
EndProject
Global
	GlobalSection(SolutionConfigurationPlatforms) = preSolution
		Debug|Any CPU = Debug|Any CPU
		Release|Any CPU = Release|Any CPU
	EndGlobalSection
	GlobalSection(ProjectConfigurationPlatforms) = postSolution
		{C82E5CFD-C9D8-406B-B92B-5C5C235B7E47}.Debug|Any CPU.ActiveCfg = Debug|Any CPU
		{C82E5CFD-C9D8-406B-B92B-5C5C235B7E47}.Release|Any CPU.ActiveCfg = Release|Any CPU
	EndGlobalSection
	GlobalSection(SolutionProperties) = preSolution
		HideSolutionNode = FALSE
	EndGlobalSection
	GlobalSection(ExtensibilityGlobals) = postSolution
		SolutionGuid = {15A7C4C2-19E6-4014-9776-CB66B57A1308}
	EndGlobalSection
EndGlobal
